
Microsoft Visual Studio Solution File, Format Version 12.00
# Visual Studio Version 16
VisualStudioVersion = 16.0.29102.190
MinimumVisualStudioVersion = 10.0.40219.1
Project("{8BC9CEB8-8B4A-11D0-8D11-00A0C91BC942}") = "K4AUnityBTPlugin", "K4AUnityBTPlugin\K4AUnityBTPlugin.vcxproj", "{0BC5512A-6D0C-4B4F-A421-2D5CE83FE633}"
EndProject
Project("{8BC9CEB8-8B4A-11D0-8D11-00A0C91BC942}") = "K4AUnityBTPluginTest", "K4AUnityBTPluginTest\K4AUnityBTPluginTest.vcxproj", "{0C499EDB-54DE-4A79-A710-1969C63807F8}"
	ProjectSection(ProjectDependencies) = postProject
		{0BC5512A-6D0C-4B4F-A421-2D5CE83FE633} = {0BC5512A-6D0C-4B4F-A421-2D5CE83FE633}
	EndProjectSection
EndProject
Project("{8BC9CEB8-8B4A-11D0-8D11-00A0C91BC942}") = "CppSimpleStream", "CppSimpleStream\CppSimpleStream.vcxproj", "{8CC835D1-D035-4219-B89A-AE324DFA6E52}"
	ProjectSection(ProjectDependencies) = postProject
		{0C499EDB-54DE-4A79-A710-1969C63807F8} = {0C499EDB-54DE-4A79-A710-1969C63807F8}
	EndProjectSection
EndProject
Global
	GlobalSection(SolutionConfigurationPlatforms) = preSolution
		Debug|x64 = Debug|x64
		Debug|x86 = Debug|x86
		Release|x64 = Release|x64
		Release|x86 = Release|x86
	EndGlobalSection
	GlobalSection(ProjectConfigurationPlatforms) = postSolution
		{0BC5512A-6D0C-4B4F-A421-2D5CE83FE633}.Debug|x64.ActiveCfg = Debug|x64
		{0BC5512A-6D0C-4B4F-A421-2D5CE83FE633}.Debug|x64.Build.0 = Debug|x64
		{0BC5512A-6D0C-4B4F-A421-2D5CE83FE633}.Debug|x86.ActiveCfg = Debug|Win32
		{0BC5512A-6D0C-4B4F-A421-2D5CE83FE633}.Debug|x86.Build.0 = Debug|Win32
		{0BC5512A-6D0C-4B4F-A421-2D5CE83FE633}.Release|x64.ActiveCfg = Release|x64
		{0BC5512A-6D0C-4B4F-A421-2D5CE83FE633}.Release|x64.Build.0 = Release|x64
		{0BC5512A-6D0C-4B4F-A421-2D5CE83FE633}.Release|x86.ActiveCfg = Release|Win32
		{0BC5512A-6D0C-4B4F-A421-2D5CE83FE633}.Release|x86.Build.0 = Release|Win32
		{0C499EDB-54DE-4A79-A710-1969C63807F8}.Debug|x64.ActiveCfg = Debug|x64
		{0C499EDB-54DE-4A79-A710-1969C63807F8}.Debug|x64.Build.0 = Debug|x64
		{0C499EDB-54DE-4A79-A710-1969C63807F8}.Debug|x86.ActiveCfg = Debug|Win32
		{0C499EDB-54DE-4A79-A710-1969C63807F8}.Debug|x86.Build.0 = Debug|Win32
		{0C499EDB-54DE-4A79-A710-1969C63807F8}.Release|x64.ActiveCfg = Release|x64
		{0C499EDB-54DE-4A79-A710-1969C63807F8}.Release|x64.Build.0 = Release|x64
		{0C499EDB-54DE-4A79-A710-1969C63807F8}.Release|x86.ActiveCfg = Release|Win32
		{0C499EDB-54DE-4A79-A710-1969C63807F8}.Release|x86.Build.0 = Release|Win32
		{8CC835D1-D035-4219-B89A-AE324DFA6E52}.Debug|x64.ActiveCfg = Debug|x64
		{8CC835D1-D035-4219-B89A-AE324DFA6E52}.Debug|x64.Build.0 = Debug|x64
		{8CC835D1-D035-4219-B89A-AE324DFA6E52}.Debug|x86.ActiveCfg = Debug|Win32
		{8CC835D1-D035-4219-B89A-AE324DFA6E52}.Debug|x86.Build.0 = Debug|Win32
		{8CC835D1-D035-4219-B89A-AE324DFA6E52}.Release|x64.ActiveCfg = Release|x64
		{8CC835D1-D035-4219-B89A-AE324DFA6E52}.Release|x64.Build.0 = Release|x64
		{8CC835D1-D035-4219-B89A-AE324DFA6E52}.Release|x86.ActiveCfg = Release|Win32
		{8CC835D1-D035-4219-B89A-AE324DFA6E52}.Release|x86.Build.0 = Release|Win32
	EndGlobalSection
	GlobalSection(SolutionProperties) = preSolution
		HideSolutionNode = FALSE
	EndGlobalSection
	GlobalSection(ExtensibilityGlobals) = postSolution
		SolutionGuid = {DDBFFE2C-2599-4FA0-8F39-81ADB213E5C0}
	EndGlobalSection
EndGlobal
